
Microsoft Visual Studio Solution File, Format Version 12.00
# Visual Studio Version 17
VisualStudioVersion = 17.9.34622.214
MinimumVisualStudioVersion = 10.0.40219.1
Project("{9A19103F-16F7-4668-BE54-9A1E7A4F7556}") = "GorselProgramlama#01", "GorselProgramlama#01\GorselProgramlama#01.csproj", "{61DD77F6-F8B2-40DF-9015-EAA8CF8D9568}"
EndProject
Global
	GlobalSection(SolutionConfigurationPlatforms) = preSolution
		Debug|Any CPU = Debug|Any CPU
		Release|Any CPU = Release|Any CPU
	EndGlobalSection
	GlobalSection(ProjectConfigurationPlatforms) = postSolution
		{61DD77F6-F8B2-40DF-9015-EAA8CF8D9568}.Debug|Any CPU.ActiveCfg = Debug|Any CPU
		{61DD77F6-F8B2-40DF-9015-EAA8CF8D9568}.Debug|Any CPU.Build.0 = Debug|Any CPU
		{61DD77F6-F8B2-40DF-9015-EAA8CF8D9568}.Release|Any CPU.ActiveCfg = Release|Any CPU
		{61DD77F6-F8B2-40DF-9015-EAA8CF8D9568}.Release|Any CPU.Build.0 = Release|Any CPU
	EndGlobalSection
	GlobalSection(SolutionProperties) = preSolution
		HideSolutionNode = FALSE
	EndGlobalSection
	GlobalSection(ExtensibilityGlobals) = postSolution
		SolutionGuid = {87C73668-A61B-4A50-BD17-9AC455E6C3A8}
	EndGlobalSection
EndGlobal
